// !$*UTF8*$!
{
	archiveVersion = 1;
	classes = {
	};
	objectVersion = 55;
	objects = {

/* Begin PBXBuildFile section */
		D016F20B2887D0A900C4A586 /* AppDelegate.swift in Sources */ = {isa = PBXBuildFile; fileRef = D016F20A2887D0A900C4A586 /* AppDelegate.swift */; };
		D016F20D2887D0A900C4A586 /* SceneDelegate.swift in Sources */ = {isa = PBXBuildFile; fileRef = D016F20C2887D0A900C4A586 /* SceneDelegate.swift */; };
		D016F2122887D0A900C4A586 /* Main.storyboard in Resources */ = {isa = PBXBuildFile; fileRef = D016F2102887D0A900C4A586 /* Main.storyboard */; };
		D016F2142887D0AA00C4A586 /* Assets.xcassets in Resources */ = {isa = PBXBuildFile; fileRef = D016F2132887D0AA00C4A586 /* Assets.xcassets */; };
		D016F2172887D0AA00C4A586 /* LaunchScreen.storyboard in Resources */ = {isa = PBXBuildFile; fileRef = D016F2152887D0AA00C4A586 /* LaunchScreen.storyboard */; };
		D016F2202887D16900C4A586 /* BookInfoCollectionViewCell.swift in Sources */ = {isa = PBXBuildFile; fileRef = D016F21F2887D16900C4A586 /* BookInfoCollectionViewCell.swift */; };
		D016F2222887D18A00C4A586 /* BookInfoCollectionViewController.swift in Sources */ = {isa = PBXBuildFile; fileRef = D016F2212887D18A00C4A586 /* BookInfoCollectionViewController.swift */; };
		D016F2252887D4C200C4A586 /* BookInfoManager.swift in Sources */ = {isa = PBXBuildFile; fileRef = D016F2242887D4C200C4A586 /* BookInfoManager.swift */; };
		D0466FDD2887E73200968BF9 /* UILabel+Extension.swift in Sources */ = {isa = PBXBuildFile; fileRef = D0466FDC2887E73200968BF9 /* UILabel+Extension.swift */; };
		D0466FE12887E89C00968BF9 /* Kingfisher in Frameworks */ = {isa = PBXBuildFile; productRef = D0466FE02887E89C00968BF9 /* Kingfisher */; };
/* End PBXBuildFile section */

/* Begin PBXFileReference section */
		D016F2072887D0A900C4A586 /* SeSac3BookManagement.app */ = {isa = PBXFileReference; explicitFileType = wrapper.application; includeInIndex = 0; path = SeSac3BookManagement.app; sourceTree = BUILT_PRODUCTS_DIR; };
		D016F20A2887D0A900C4A586 /* AppDelegate.swift */ = {isa = PBXFileReference; lastKnownFileType = sourcecode.swift; path = AppDelegate.swift; sourceTree = "<group>"; };
		D016F20C2887D0A900C4A586 /* SceneDelegate.swift */ = {isa = PBXFileReference; lastKnownFileType = sourcecode.swift; path = SceneDelegate.swift; sourceTree = "<group>"; };
		D016F2112887D0A900C4A586 /* Base */ = {isa = PBXFileReference; lastKnownFileType = file.storyboard; name = Base; path = Base.lproj/Main.storyboard; sourceTree = "<group>"; };
		D016F2132887D0AA00C4A586 /* Assets.xcassets */ = {isa = PBXFileReference; lastKnownFileType = folder.assetcatalog; path = Assets.xcassets; sourceTree = "<group>"; };
		D016F2162887D0AA00C4A586 /* Base */ = {isa = PBXFileReference; lastKnownFileType = file.storyboard; name = Base; path = Base.lproj/LaunchScreen.storyboard; sourceTree = "<group>"; };
		D016F2182887D0AA00C4A586 /* Info.plist */ = {isa = PBXFileReference; lastKnownFileType = text.plist.xml; path = Info.plist; sourceTree = "<group>"; };
		D016F21F2887D16900C4A586 /* BookInfoCollectionViewCell.swift */ = {isa = PBXFileReference; lastKnownFileType = sourcecode.swift; path = BookInfoCollectionViewCell.swift; sourceTree = "<group>"; };
		D016F2212887D18A00C4A586 /* BookInfoCollectionViewController.swift */ = {isa = PBXFileReference; lastKnownFileType = sourcecode.swift; path = BookInfoCollectionViewController.swift; sourceTree = "<group>"; };
		D016F2242887D4C200C4A586 /* BookInfoManager.swift */ = {isa = PBXFileReference; lastKnownFileType = sourcecode.swift; path = BookInfoManager.swift; sourceTree = "<group>"; };
		D0466FDC2887E73200968BF9 /* UILabel+Extension.swift */ = {isa = PBXFileReference; lastKnownFileType = sourcecode.swift; path = "UILabel+Extension.swift"; sourceTree = "<group>"; };
/* End PBXFileReference section */

/* Begin PBXFrameworksBuildPhase section */
		D016F2042887D0A900C4A586 /* Frameworks */ = {
			isa = PBXFrameworksBuildPhase;
			buildActionMask = 2147483647;
			files = (
				D0466FE12887E89C00968BF9 /* Kingfisher in Frameworks */,
			);
			runOnlyForDeploymentPostprocessing = 0;
		};
/* End PBXFrameworksBuildPhase section */

/* Begin PBXGroup section */
		D016F1FE2887D0A900C4A586 = {
			isa = PBXGroup;
			children = (
				D016F2092887D0A900C4A586 /* SeSac3BookManagement */,
				D016F2082887D0A900C4A586 /* Products */,
			);
			sourceTree = "<group>";
		};
		D016F2082887D0A900C4A586 /* Products */ = {
			isa = PBXGroup;
			children = (
				D016F2072887D0A900C4A586 /* SeSac3BookManagement.app */,
			);
			name = Products;
			sourceTree = "<group>";
		};
		D016F2092887D0A900C4A586 /* SeSac3BookManagement */ = {
			isa = PBXGroup;
			children = (
				D016F21E2887D0CE00C4A586 /* LifeCycle */,
				D016F2232887D19500C4A586 /* BookList */,
				D0466FDE2887E73600968BF9 /* Extension */,
				D016F2132887D0AA00C4A586 /* Assets.xcassets */,
				D016F2152887D0AA00C4A586 /* LaunchScreen.storyboard */,
				D016F2182887D0AA00C4A586 /* Info.plist */,
			);
			path = SeSac3BookManagement;
			sourceTree = "<group>";
		};
		D016F21E2887D0CE00C4A586 /* LifeCycle */ = {
			isa = PBXGroup;
			children = (
				D016F20A2887D0A900C4A586 /* AppDelegate.swift */,
				D016F20C2887D0A900C4A586 /* SceneDelegate.swift */,
			);
			path = LifeCycle;
			sourceTree = "<group>";
		};
		D016F2232887D19500C4A586 /* BookList */ = {
			isa = PBXGroup;
			children = (
				D016F2102887D0A900C4A586 /* Main.storyboard */,
				D016F2212887D18A00C4A586 /* BookInfoCollectionViewController.swift */,
				D016F21F2887D16900C4A586 /* BookInfoCollectionViewCell.swift */,
				D016F2242887D4C200C4A586 /* BookInfoManager.swift */,
			);
			path = BookList;
			sourceTree = "<group>";
		};
		D0466FDE2887E73600968BF9 /* Extension */ = {
			isa = PBXGroup;
			children = (
				D0466FDC2887E73200968BF9 /* UILabel+Extension.swift */,
			);
			path = Extension;
			sourceTree = "<group>";
		};
/* End PBXGroup section */

/* Begin PBXNativeTarget section */
		D016F2062887D0A900C4A586 /* SeSac3BookManagement */ = {
			isa = PBXNativeTarget;
			buildConfigurationList = D016F21B2887D0AA00C4A586 /* Build configuration list for PBXNativeTarget "SeSac3BookManagement" */;
			buildPhases = (
				D016F2032887D0A900C4A586 /* Sources */,
				D016F2042887D0A900C4A586 /* Frameworks */,
				D016F2052887D0A900C4A586 /* Resources */,
			);
			buildRules = (
			);
			dependencies = (
			);
			name = SeSac3BookManagement;
			packageProductDependencies = (
				D0466FE02887E89C00968BF9 /* Kingfisher */,
			);
			productName = SeSac3BookManagement;
			productReference = D016F2072887D0A900C4A586 /* SeSac3BookManagement.app */;
			productType = "com.apple.product-type.application";
		};
/* End PBXNativeTarget section */

/* Begin PBXProject section */
		D016F1FF2887D0A900C4A586 /* Project object */ = {
			isa = PBXProject;
			attributes = {
				BuildIndependentTargetsInParallel = 1;
				LastSwiftUpdateCheck = 1340;
				LastUpgradeCheck = 1340;
				TargetAttributes = {
					D016F2062887D0A900C4A586 = {
						CreatedOnToolsVersion = 13.4.1;
					};
				};
			};
			buildConfigurationList = D016F2022887D0A900C4A586 /* Build configuration list for PBXProject "SeSac3BookManagement" */;
			compatibilityVersion = "Xcode 13.0";
			developmentRegion = en;
			hasScannedForEncodings = 0;
			knownRegions = (
				en,
				Base,
			);
			mainGroup = D016F1FE2887D0A900C4A586;
			packageReferences = (
				D0466FDF2887E89C00968BF9 /* XCRemoteSwiftPackageReference "Kingfisher" */,
			);
			productRefGroup = D016F2082887D0A900C4A586 /* Products */;
			projectDirPath = "";
			projectRoot = "";
			targets = (
				D016F2062887D0A900C4A586 /* SeSac3BookManagement */,
			);
		};
/* End PBXProject section */

/* Begin PBXResourcesBuildPhase section */
		D016F2052887D0A900C4A586 /* Resources */ = {
			isa = PBXResourcesBuildPhase;
			buildActionMask = 2147483647;
			files = (
				D016F2172887D0AA00C4A586 /* LaunchScreen.storyboard in Resources */,
				D016F2142887D0AA00C4A586 /* Assets.xcassets in Resources */,
				D016F2122887D0A900C4A586 /* Main.storyboard in Resources */,
			);
			runOnlyForDeploymentPostprocessing = 0;
		};
/* End PBXResourcesBuildPhase section */

/* Begin PBXSourcesBuildPhase section */
		D016F2032887D0A900C4A586 /* Sources */ = {
			isa = PBXSourcesBuildPhase;
			buildActionMask = 2147483647;
			files = (
				D016F20B2887D0A900C4A586 /* AppDelegate.swift in Sources */,
				D016F20D2887D0A900C4A586 /* SceneDelegate.swift in Sources */,
				D0466FDD2887E73200968BF9 /* UILabel+Extension.swift in Sources */,
				D016F2252887D4C200C4A586 /* BookInfoManager.swift in Sources */,
				D016F2202887D16900C4A586 /* BookInfoCollectionViewCell.swift in Sources */,
				D016F2222887D18A00C4A586 /* BookInfoCollectionViewController.swift in Sources */,
			);
			runOnlyForDeploymentPostprocessing = 0;
		};
/* End PBXSourcesBuildPhase section */

/* Begin PBXVariantGroup section */
		D016F2102887D0A900C4A586 /* Main.storyboard */ = {
			isa = PBXVariantGroup;
			children = (
				D016F2112887D0A900C4A586 /* Base */,
			);
			name = Main.storyboard;
			sourceTree = "<group>";
		};
		D016F2152887D0AA00C4A586 /* LaunchScreen.storyboard */ = {
			isa = PBXVariantGroup;
			children = (
				D016F2162887D0AA00C4A586 /* Base */,
			);
			name = LaunchScreen.storyboard;
			sourceTree = "<group>";
		};
/* End PBXVariantGroup section */

/* Begin XCBuildConfiguration section */
		D016F2192887D0AA00C4A586 /* Debug */ = {
			isa = XCBuildConfiguration;
			buildSettings = {
				ALWAYS_SEARCH_USER_PATHS = NO;
				CLANG_ANALYZER_NONNULL = YES;
				CLANG_ANALYZER_NUMBER_OBJECT_CONVERSION = YES_AGGRESSIVE;
				CLANG_CXX_LANGUAGE_STANDARD = "gnu++17";
				CLANG_ENABLE_MODULES = YES;
				CLANG_ENABLE_OBJC_ARC = YES;
				CLANG_ENABLE_OBJC_WEAK = YES;
				CLANG_WARN_BLOCK_CAPTURE_AUTORELEASING = YES;
				CLANG_WARN_BOOL_CONVERSION = YES;
				CLANG_WARN_COMMA = YES;
				CLANG_WARN_CONSTANT_CONVERSION = YES;
				CLANG_WARN_DEPRECATED_OBJC_IMPLEMENTATIONS = YES;
				CLANG_WARN_DIRECT_OBJC_ISA_USAGE = YES_ERROR;
				CLANG_WARN_DOCUMENTATION_COMMENTS = YES;
				CLANG_WARN_EMPTY_BODY = YES;
				CLANG_WARN_ENUM_CONVERSION = YES;
				CLANG_WARN_INFINITE_RECURSION = YES;
				CLANG_WARN_INT_CONVERSION = YES;
				CLANG_WARN_NON_LITERAL_NULL_CONVERSION = YES;
				CLANG_WARN_OBJC_IMPLICIT_RETAIN_SELF = YES;
				CLANG_WARN_OBJC_LITERAL_CONVERSION = YES;
				CLANG_WARN_OBJC_ROOT_CLASS = YES_ERROR;
				CLANG_WARN_QUOTED_INCLUDE_IN_FRAMEWORK_HEADER = YES;
				CLANG_WARN_RANGE_LOOP_ANALYSIS = YES;
				CLANG_WARN_STRICT_PROTOTYPES = YES;
				CLANG_WARN_SUSPICIOUS_MOVE = YES;
				CLANG_WARN_UNGUARDED_AVAILABILITY = YES_AGGRESSIVE;
				CLANG_WARN_UNREACHABLE_CODE = YES;
				CLANG_WARN__DUPLICATE_METHOD_MATCH = YES;
				COPY_PHASE_STRIP = NO;
				DEBUG_INFORMATION_FORMAT = dwarf;
				ENABLE_STRICT_OBJC_MSGSEND = YES;
				ENABLE_TESTABILITY = YES;
				GCC_C_LANGUAGE_STANDARD = gnu11;
				GCC_DYNAMIC_NO_PIC = NO;
				GCC_NO_COMMON_BLOCKS = YES;
				GCC_OPTIMIZATION_LEVEL = 0;
				GCC_PREPROCESSOR_DEFINITIONS = (
					"DEBUG=1",
					"$(inherited)",
				);
				GCC_WARN_64_TO_32_BIT_CONVERSION = YES;
				GCC_WARN_ABOUT_RETURN_TYPE = YES_ERROR;
				GCC_WARN_UNDECLARED_SELECTOR = YES;
				GCC_WARN_UNINITIALIZED_AUTOS = YES_AGGRESSIVE;
				GCC_WARN_UNUSED_FUNCTION = YES;
				GCC_WARN_UNUSED_VARIABLE = YES;
				IPHONEOS_DEPLOYMENT_TARGET = 15.5;
				MTL_ENABLE_DEBUG_INFO = INCLUDE_SOURCE;
				MTL_FAST_MATH = YES;
				ONLY_ACTIVE_ARCH = YES;
				SDKROOT = iphoneos;
				SWIFT_ACTIVE_COMPILATION_CONDITIONS = DEBUG;
				SWIFT_OPTIMIZATION_LEVEL = "-Onone";
			};
			name = Debug;
		};
		D016F21A2887D0AA00C4A586 /* Release */ = {
			isa = XCBuildConfiguration;
			buildSettings = {
				ALWAYS_SEARCH_USER_PATHS = NO;
				CLANG_ANALYZER_NONNULL = YES;
				CLANG_ANALYZER_NUMBER_OBJECT_CONVERSION = YES_AGGRESSIVE;
				CLANG_CXX_LANGUAGE_STANDARD = "gnu++17";
				CLANG_ENABLE_MODULES = YES;
				CLANG_ENABLE_OBJC_ARC = YES;
				CLANG_ENABLE_OBJC_WEAK = YES;
				CLANG_WARN_BLOCK_CAPTURE_AUTORELEASING = YES;
				CLANG_WARN_BOOL_CONVERSION = YES;
				CLANG_WARN_COMMA = YES;
				CLANG_WARN_CONSTANT_CONVERSION = YES;
				CLANG_WARN_DEPRECATED_OBJC_IMPLEMENTATIONS = YES;
				CLANG_WARN_DIRECT_OBJC_ISA_USAGE = YES_ERROR;
				CLANG_WARN_DOCUMENTATION_COMMENTS = YES;
				CLANG_WARN_EMPTY_BODY = YES;
				CLANG_WARN_ENUM_CONVERSION = YES;
				CLANG_WARN_INFINITE_RECURSION = YES;
				CLANG_WARN_INT_CONVERSION = YES;
				CLANG_WARN_NON_LITERAL_NULL_CONVERSION = YES;
				CLANG_WARN_OBJC_IMPLICIT_RETAIN_SELF = YES;
				CLANG_WARN_OBJC_LITERAL_CONVERSION = YES;
				CLANG_WARN_OBJC_ROOT_CLASS = YES_ERROR;
				CLANG_WARN_QUOTED_INCLUDE_IN_FRAMEWORK_HEADER = YES;
				CLANG_WARN_RANGE_LOOP_ANALYSIS = YES;
				CLANG_WARN_STRICT_PROTOTYPES = YES;
				CLANG_WARN_SUSPICIOUS_MOVE = YES;
				CLANG_WARN_UNGUARDED_AVAILABILITY = YES_AGGRESSIVE;
				CLANG_WARN_UNREACHABLE_CODE = YES;
				CLANG_WARN__DUPLICATE_METHOD_MATCH = YES;
				COPY_PHASE_STRIP = NO;
				DEBUG_INFORMATION_FORMAT = "dwarf-with-dsym";
				ENABLE_NS_ASSERTIONS = NO;
				ENABLE_STRICT_OBJC_MSGSEND = YES;
				GCC_C_LANGUAGE_STANDARD = gnu11;
				GCC_NO_COMMON_BLOCKS = YES;
				GCC_WARN_64_TO_32_BIT_CONVERSION = YES;
				GCC_WARN_ABOUT_RETURN_TYPE = YES_ERROR;
				GCC_WARN_UNDECLARED_SELECTOR = YES;
				GCC_WARN_UNINITIALIZED_AUTOS = YES_AGGRESSIVE;
				GCC_WARN_UNUSED_FUNCTION = YES;
				GCC_WARN_UNUSED_VARIABLE = YES;
				IPHONEOS_DEPLOYMENT_TARGET = 15.5;
				MTL_ENABLE_DEBUG_INFO = NO;
				MTL_FAST_MATH = YES;
				SDKROOT = iphoneos;
				SWIFT_COMPILATION_MODE = wholemodule;
				SWIFT_OPTIMIZATION_LEVEL = "-O";
				VALIDATE_PRODUCT = YES;
			};
			name = Release;
		};
		D016F21C2887D0AA00C4A586 /* Debug */ = {
			isa = XCBuildConfiguration;
			buildSettings = {
				ASSETCATALOG_COMPILER_APPICON_NAME = AppIcon;
				ASSETCATALOG_COMPILER_GLOBAL_ACCENT_COLOR_NAME = AccentColor;
				CODE_SIGN_STYLE = Automatic;
				CURRENT_PROJECT_VERSION = 1;
				GENERATE_INFOPLIST_FILE = YES;
				INFOPLIST_FILE = SeSac3BookManagement/Info.plist;
				INFOPLIST_KEY_UIApplicationSupportsIndirectInputEvents = YES;
				INFOPLIST_KEY_UILaunchStoryboardName = LaunchScreen;
				INFOPLIST_KEY_UIMainStoryboardFile = Main;
				INFOPLIST_KEY_UISupportedInterfaceOrientations_iPad = "UIInterfaceOrientationPortrait UIInterfaceOrientationPortraitUpsideDown UIInterfaceOrientationLandscapeLeft UIInterfaceOrientationLandscapeRight";
				INFOPLIST_KEY_UISupportedInterfaceOrientations_iPhone = "UIInterfaceOrientationPortrait UIInterfaceOrientationLandscapeLeft UIInterfaceOrientationLandscapeRight";
				IPHONEOS_DEPLOYMENT_TARGET = 13.0;
				LD_RUNPATH_SEARCH_PATHS = (
					"$(inherited)",
					"@executable_path/Frameworks",
				);
				MARKETING_VERSION = 1.0;
				PRODUCT_BUNDLE_IDENTIFIER = com.DongHee.SeSac3BookManagement;
				PRODUCT_NAME = "$(TARGET_NAME)";
				SWIFT_EMIT_LOC_STRINGS = YES;
				SWIFT_VERSION = 5.0;
				TARGETED_DEVICE_FAMILY = 1;
			};
			name = Debug;
		};
		D016F21D2887D0AA00C4A586 /* Release */ = {
			isa = XCBuildConfiguration;
			buildSettings = {
				ASSETCATALOG_COMPILER_APPICON_NAME = AppIcon;
				ASSETCATALOG_COMPILER_GLOBAL_ACCENT_COLOR_NAME = AccentColor;
				CODE_SIGN_STYLE = Automatic;
				CURRENT_PROJECT_VERSION = 1;
				GENERATE_INFOPLIST_FILE = YES;
				INFOPLIST_FILE = SeSac3BookManagement/Info.plist;
				INFOPLIST_KEY_UIApplicationSupportsIndirectInputEvents = YES;
				INFOPLIST_KEY_UILaunchStoryboardName = LaunchScreen;
				INFOPLIST_KEY_UIMainStoryboardFile = Main;
				INFOPLIST_KEY_UISupportedInterfaceOrientations_iPad = "UIInterfaceOrientationPortrait UIInterfaceOrientationPortraitUpsideDown UIInterfaceOrientationLandscapeLeft UIInterfaceOrientationLandscapeRight";
				INFOPLIST_KEY_UISupportedInterfaceOrientations_iPhone = "UIInterfaceOrientationPortrait UIInterfaceOrientationLandscapeLeft UIInterfaceOrientationLandscapeRight";
				IPHONEOS_DEPLOYMENT_TARGET = 13.0;
				LD_RUNPATH_SEARCH_PATHS = (
					"$(inherited)",
					"@executable_path/Frameworks",
				);
				MARKETING_VERSION = 1.0;
				PRODUCT_BUNDLE_IDENTIFIER = com.DongHee.SeSac3BookManagement;
				PRODUCT_NAME = "$(TARGET_NAME)";
				SWIFT_EMIT_LOC_STRINGS = YES;
				SWIFT_VERSION = 5.0;
				TARGETED_DEVICE_FAMILY = 1;
			};
			name = Release;
		};
/* End XCBuildConfiguration section */

/* Begin XCConfigurationList section */
		D016F2022887D0A900C4A586 /* Build configuration list for PBXProject "SeSac3BookManagement" */ = {
			isa = XCConfigurationList;
			buildConfigurations = (
				D016F2192887D0AA00C4A586 /* Debug */,
				D016F21A2887D0AA00C4A586 /* Release */,
			);
			defaultConfigurationIsVisible = 0;
			defaultConfigurationName = Release;
		};
		D016F21B2887D0AA00C4A586 /* Build configuration list for PBXNativeTarget "SeSac3BookManagement" */ = {
			isa = XCConfigurationList;
			buildConfigurations = (
				D016F21C2887D0AA00C4A586 /* Debug */,
				D016F21D2887D0AA00C4A586 /* Release */,
			);
			defaultConfigurationIsVisible = 0;
			defaultConfigurationName = Release;
		};
/* End XCConfigurationList section */

/* Begin XCRemoteSwiftPackageReference section */
		D0466FDF2887E89C00968BF9 /* XCRemoteSwiftPackageReference "Kingfisher" */ = {
			isa = XCRemoteSwiftPackageReference;
			repositoryURL = "https://github.com/onevcat/Kingfisher";
			requirement = {
				kind = upToNextMajorVersion;
				minimumVersion = 7.0.0;
			};
		};
/* End XCRemoteSwiftPackageReference section */

/* Begin XCSwiftPackageProductDependency section */
		D0466FE02887E89C00968BF9 /* Kingfisher */ = {
			isa = XCSwiftPackageProductDependency;
			package = D0466FDF2887E89C00968BF9 /* XCRemoteSwiftPackageReference "Kingfisher" */;
			productName = Kingfisher;
		};
/* End XCSwiftPackageProductDependency section */
	};
	rootObject = D016F1FF2887D0A900C4A586 /* Project object */;
}
